
Microsoft Visual Studio Solution File, Format Version 12.00
# Visual Studio Version 16
VisualStudioVersion = 16.0.29326.143
MinimumVisualStudioVersion = 10.0.40219.1
Project("{FAE04EC0-301F-11D3-BF4B-00C04F79EFBC}") = "Part6", "Part6\Part6.csproj", "{DCA9C2FF-95D3-4D14-BDEB-6FBC6294D310}"
EndProject
Project("{FAE04EC0-301F-11D3-BF4B-00C04F79EFBC}") = "Part1", "Part1\Part1.csproj", "{E01D2346-2C12-49DC-B572-0B9EED0C49DB}"
EndProject
Project("{FAE04EC0-301F-11D3-BF4B-00C04F79EFBC}") = "Part2", "Part2\Part2.csproj", "{C2FDA8F4-9101-46CB-80D2-710B2D990448}"
EndProject
Project("{FAE04EC0-301F-11D3-BF4B-00C04F79EFBC}") = "Part3", "Part3\Part3.csproj", "{26677BD4-5481-445B-90A8-9925EA0D4D0A}"
EndProject
Project("{FAE04EC0-301F-11D3-BF4B-00C04F79EFBC}") = "Part4", "Part4\Part4.csproj", "{E3A42B66-1A55-45CE-8AE4-6E2B25F558A7}"
EndProject
Project("{FAE04EC0-301F-11D3-BF4B-00C04F79EFBC}") = "Part5", "Part5\Part5.csproj", "{247C86A7-F096-41E0-B308-5E59F9AD1E60}"
EndProject
Project("{FAE04EC0-301F-11D3-BF4B-00C04F79EFBC}") = "Part7", "Part7\Part7.csproj", "{BFC8B625-91D4-428C-8029-F591331C2A68}"
EndProject
Project("{FAE04EC0-301F-11D3-BF4B-00C04F79EFBC}") = "Part8", "Part8\Part8.csproj", "{985DE838-E553-468C-9777-31D6925FD7F3}"
EndProject
Project("{FAE04EC0-301F-11D3-BF4B-00C04F79EFBC}") = "Part9", "Part9\Part9.csproj", "{4FA0E4D2-E068-4D8F-A172-97155298B07C}"
EndProject
Project("{FAE04EC0-301F-11D3-BF4B-00C04F79EFBC}") = "Part10", "Part10\Part10.csproj", "{9DC760E3-042B-4EA1-96AA-3F8027C0F3AE}"
EndProject
Project("{FAE04EC0-301F-11D3-BF4B-00C04F79EFBC}") = "Part11", "Part11\Part11.csproj", "{69C9A338-F64B-4A14-B7FB-7BE2B96A575E}"
EndProject
Project("{FAE04EC0-301F-11D3-BF4B-00C04F79EFBC}") = "Part12", "Part12\Part12.csproj", "{8C0BF16D-88ED-4D0B-B0A1-2A032D2283C3}"
EndProject
Project("{FAE04EC0-301F-11D3-BF4B-00C04F79EFBC}") = "Part13", "Part13\Part13.csproj", "{42AD9CE5-5978-4D80-87FC-6F1BABB7D206}"
EndProject
Project("{FAE04EC0-301F-11D3-BF4B-00C04F79EFBC}") = "Part14", "Part14\Part14.csproj", "{5A2D8538-5C50-411B-82BB-9FFDEB598D15}"
EndProject
Project("{FAE04EC0-301F-11D3-BF4B-00C04F79EFBC}") = "Part15", "Part15\Part15.csproj", "{13791C68-2EF6-48B2-BDB2-6FBBEF0D6C3D}"
EndProject
Project("{FAE04EC0-301F-11D3-BF4B-00C04F79EFBC}") = "Part16", "Part16\Part16.csproj", "{C8B040A1-AF09-485B-9170-F18F1CD0DDEC}"
EndProject
Project("{FAE04EC0-301F-11D3-BF4B-00C04F79EFBC}") = "Part17", "Part17\Part17.csproj", "{97C66FC6-0427-4F24-AD42-3403FA8E1F4E}"
EndProject
Project("{FAE04EC0-301F-11D3-BF4B-00C04F79EFBC}") = "Part18", "Part18\Part18.csproj", "{EE9649C5-9D6B-4247-BDFF-42DB3BF8050C}"
EndProject
Project("{FAE04EC0-301F-11D3-BF4B-00C04F79EFBC}") = "Part19", "Part19\Part19.csproj", "{68B57276-2EAE-41D6-9462-80D8317B43B3}"
EndProject
Project("{FAE04EC0-301F-11D3-BF4B-00C04F79EFBC}") = "Part20", "Part20\Part20.csproj", "{380D372A-5479-4ECC-A1C7-4A03DE6E0A74}"
EndProject
Global
	GlobalSection(SolutionConfigurationPlatforms) = preSolution
		Debug|Any CPU = Debug|Any CPU
		Release|Any CPU = Release|Any CPU
	EndGlobalSection
	GlobalSection(ProjectConfigurationPlatforms) = postSolution
		{DCA9C2FF-95D3-4D14-BDEB-6FBC6294D310}.Debug|Any CPU.ActiveCfg = Debug|Any CPU
		{DCA9C2FF-95D3-4D14-BDEB-6FBC6294D310}.Debug|Any CPU.Build.0 = Debug|Any CPU
		{DCA9C2FF-95D3-4D14-BDEB-6FBC6294D310}.Release|Any CPU.ActiveCfg = Release|Any CPU
		{DCA9C2FF-95D3-4D14-BDEB-6FBC6294D310}.Release|Any CPU.Build.0 = Release|Any CPU
		{E01D2346-2C12-49DC-B572-0B9EED0C49DB}.Debug|Any CPU.ActiveCfg = Debug|Any CPU
		{E01D2346-2C12-49DC-B572-0B9EED0C49DB}.Debug|Any CPU.Build.0 = Debug|Any CPU
		{E01D2346-2C12-49DC-B572-0B9EED0C49DB}.Release|Any CPU.ActiveCfg = Release|Any CPU
		{E01D2346-2C12-49DC-B572-0B9EED0C49DB}.Release|Any CPU.Build.0 = Release|Any CPU
		{C2FDA8F4-9101-46CB-80D2-710B2D990448}.Debug|Any CPU.ActiveCfg = Debug|Any CPU
		{C2FDA8F4-9101-46CB-80D2-710B2D990448}.Debug|Any CPU.Build.0 = Debug|Any CPU
		{C2FDA8F4-9101-46CB-80D2-710B2D990448}.Release|Any CPU.ActiveCfg = Release|Any CPU
		{C2FDA8F4-9101-46CB-80D2-710B2D990448}.Release|Any CPU.Build.0 = Release|Any CPU
		{26677BD4-5481-445B-90A8-9925EA0D4D0A}.Debug|Any CPU.ActiveCfg = Debug|Any CPU
		{26677BD4-5481-445B-90A8-9925EA0D4D0A}.Debug|Any CPU.Build.0 = Debug|Any CPU
		{26677BD4-5481-445B-90A8-9925EA0D4D0A}.Release|Any CPU.ActiveCfg = Release|Any CPU
		{26677BD4-5481-445B-90A8-9925EA0D4D0A}.Release|Any CPU.Build.0 = Release|Any CPU
		{E3A42B66-1A55-45CE-8AE4-6E2B25F558A7}.Debug|Any CPU.ActiveCfg = Debug|Any CPU
		{E3A42B66-1A55-45CE-8AE4-6E2B25F558A7}.Debug|Any CPU.Build.0 = Debug|Any CPU
		{E3A42B66-1A55-45CE-8AE4-6E2B25F558A7}.Release|Any CPU.ActiveCfg = Release|Any CPU
		{E3A42B66-1A55-45CE-8AE4-6E2B25F558A7}.Release|Any CPU.Build.0 = Release|Any CPU
		{247C86A7-F096-41E0-B308-5E59F9AD1E60}.Debug|Any CPU.ActiveCfg = Debug|Any CPU
		{247C86A7-F096-41E0-B308-5E59F9AD1E60}.Debug|Any CPU.Build.0 = Debug|Any CPU
		{247C86A7-F096-41E0-B308-5E59F9AD1E60}.Release|Any CPU.ActiveCfg = Release|Any CPU
		{247C86A7-F096-41E0-B308-5E59F9AD1E60}.Release|Any CPU.Build.0 = Release|Any CPU
		{BFC8B625-91D4-428C-8029-F591331C2A68}.Debug|Any CPU.ActiveCfg = Debug|Any CPU
		{BFC8B625-91D4-428C-8029-F591331C2A68}.Debug|Any CPU.Build.0 = Debug|Any CPU
		{BFC8B625-91D4-428C-8029-F591331C2A68}.Release|Any CPU.ActiveCfg = Release|Any CPU
		{BFC8B625-91D4-428C-8029-F591331C2A68}.Release|Any CPU.Build.0 = Release|Any CPU
		{985DE838-E553-468C-9777-31D6925FD7F3}.Debug|Any CPU.ActiveCfg = Debug|Any CPU
		{985DE838-E553-468C-9777-31D6925FD7F3}.Debug|Any CPU.Build.0 = Debug|Any CPU
		{985DE838-E553-468C-9777-31D6925FD7F3}.Release|Any CPU.ActiveCfg = Release|Any CPU
		{985DE838-E553-468C-9777-31D6925FD7F3}.Release|Any CPU.Build.0 = Release|Any CPU
		{4FA0E4D2-E068-4D8F-A172-97155298B07C}.Debug|Any CPU.ActiveCfg = Debug|Any CPU
		{4FA0E4D2-E068-4D8F-A172-97155298B07C}.Debug|Any CPU.Build.0 = Debug|Any CPU
		{4FA0E4D2-E068-4D8F-A172-97155298B07C}.Release|Any CPU.ActiveCfg = Release|Any CPU
		{4FA0E4D2-E068-4D8F-A172-97155298B07C}.Release|Any CPU.Build.0 = Release|Any CPU
		{9DC760E3-042B-4EA1-96AA-3F8027C0F3AE}.Debug|Any CPU.ActiveCfg = Debug|Any CPU
		{9DC760E3-042B-4EA1-96AA-3F8027C0F3AE}.Debug|Any CPU.Build.0 = Debug|Any CPU
		{9DC760E3-042B-4EA1-96AA-3F8027C0F3AE}.Release|Any CPU.ActiveCfg = Release|Any CPU
		{9DC760E3-042B-4EA1-96AA-3F8027C0F3AE}.Release|Any CPU.Build.0 = Release|Any CPU
		{69C9A338-F64B-4A14-B7FB-7BE2B96A575E}.Debug|Any CPU.ActiveCfg = Debug|Any CPU
		{69C9A338-F64B-4A14-B7FB-7BE2B96A575E}.Debug|Any CPU.Build.0 = Debug|Any CPU
		{69C9A338-F64B-4A14-B7FB-7BE2B96A575E}.Release|Any CPU.ActiveCfg = Release|Any CPU
		{69C9A338-F64B-4A14-B7FB-7BE2B96A575E}.Release|Any CPU.Build.0 = Release|Any CPU
		{8C0BF16D-88ED-4D0B-B0A1-2A032D2283C3}.Debug|Any CPU.ActiveCfg = Debug|Any CPU
		{8C0BF16D-88ED-4D0B-B0A1-2A032D2283C3}.Debug|Any CPU.Build.0 = Debug|Any CPU
		{8C0BF16D-88ED-4D0B-B0A1-2A032D2283C3}.Release|Any CPU.ActiveCfg = Release|Any CPU
		{8C0BF16D-88ED-4D0B-B0A1-2A032D2283C3}.Release|Any CPU.Build.0 = Release|Any CPU
		{42AD9CE5-5978-4D80-87FC-6F1BABB7D206}.Debug|Any CPU.ActiveCfg = Debug|Any CPU
		{42AD9CE5-5978-4D80-87FC-6F1BABB7D206}.Debug|Any CPU.Build.0 = Debug|Any CPU
		{42AD9CE5-5978-4D80-87FC-6F1BABB7D206}.Release|Any CPU.ActiveCfg = Release|Any CPU
		{42AD9CE5-5978-4D80-87FC-6F1BABB7D206}.Release|Any CPU.Build.0 = Release|Any CPU
		{5A2D8538-5C50-411B-82BB-9FFDEB598D15}.Debug|Any CPU.ActiveCfg = Debug|Any CPU
		{5A2D8538-5C50-411B-82BB-9FFDEB598D15}.Debug|Any CPU.Build.0 = Debug|Any CPU
		{5A2D8538-5C50-411B-82BB-9FFDEB598D15}.Release|Any CPU.ActiveCfg = Release|Any CPU
		{5A2D8538-5C50-411B-82BB-9FFDEB598D15}.Release|Any CPU.Build.0 = Release|Any CPU
		{13791C68-2EF6-48B2-BDB2-6FBBEF0D6C3D}.Debug|Any CPU.ActiveCfg = Debug|Any CPU
		{13791C68-2EF6-48B2-BDB2-6FBBEF0D6C3D}.Debug|Any CPU.Build.0 = Debug|Any CPU
		{13791C68-2EF6-48B2-BDB2-6FBBEF0D6C3D}.Release|Any CPU.ActiveCfg = Release|Any CPU
		{13791C68-2EF6-48B2-BDB2-6FBBEF0D6C3D}.Release|Any CPU.Build.0 = Release|Any CPU
		{C8B040A1-AF09-485B-9170-F18F1CD0DDEC}.Debug|Any CPU.ActiveCfg = Debug|Any CPU
		{C8B040A1-AF09-485B-9170-F18F1CD0DDEC}.Debug|Any CPU.Build.0 = Debug|Any CPU
		{C8B040A1-AF09-485B-9170-F18F1CD0DDEC}.Release|Any CPU.ActiveCfg = Release|Any CPU
		{C8B040A1-AF09-485B-9170-F18F1CD0DDEC}.Release|Any CPU.Build.0 = Release|Any CPU
		{97C66FC6-0427-4F24-AD42-3403FA8E1F4E}.Debug|Any CPU.ActiveCfg = Debug|Any CPU
		{97C66FC6-0427-4F24-AD42-3403FA8E1F4E}.Debug|Any CPU.Build.0 = Debug|Any CPU
		{97C66FC6-0427-4F24-AD42-3403FA8E1F4E}.Release|Any CPU.ActiveCfg = Release|Any CPU
		{97C66FC6-0427-4F24-AD42-3403FA8E1F4E}.Release|Any CPU.Build.0 = Release|Any CPU
		{EE9649C5-9D6B-4247-BDFF-42DB3BF8050C}.Debug|Any CPU.ActiveCfg = Debug|Any CPU
		{EE9649C5-9D6B-4247-BDFF-42DB3BF8050C}.Debug|Any CPU.Build.0 = Debug|Any CPU
		{EE9649C5-9D6B-4247-BDFF-42DB3BF8050C}.Release|Any CPU.ActiveCfg = Release|Any CPU
		{EE9649C5-9D6B-4247-BDFF-42DB3BF8050C}.Release|Any CPU.Build.0 = Release|Any CPU
		{68B57276-2EAE-41D6-9462-80D8317B43B3}.Debug|Any CPU.ActiveCfg = Debug|Any CPU
		{68B57276-2EAE-41D6-9462-80D8317B43B3}.Debug|Any CPU.Build.0 = Debug|Any CPU
		{68B57276-2EAE-41D6-9462-80D8317B43B3}.Release|Any CPU.ActiveCfg = Release|Any CPU
		{68B57276-2EAE-41D6-9462-80D8317B43B3}.Release|Any CPU.Build.0 = Release|Any CPU
		{380D372A-5479-4ECC-A1C7-4A03DE6E0A74}.Debug|Any CPU.ActiveCfg = Debug|Any CPU
		{380D372A-5479-4ECC-A1C7-4A03DE6E0A74}.Debug|Any CPU.Build.0 = Debug|Any CPU
		{380D372A-5479-4ECC-A1C7-4A03DE6E0A74}.Release|Any CPU.ActiveCfg = Release|Any CPU
		{380D372A-5479-4ECC-A1C7-4A03DE6E0A74}.Release|Any CPU.Build.0 = Release|Any CPU
	EndGlobalSection
	GlobalSection(SolutionProperties) = preSolution
		HideSolutionNode = FALSE
	EndGlobalSection
	GlobalSection(ExtensibilityGlobals) = postSolution
		SolutionGuid = {A00FD676-C95D-4933-AB93-BFF028EBB64C}
	EndGlobalSection
EndGlobal
